
Microsoft Visual Studio Solution File, Format Version 12.00
# Visual Studio Version 17
VisualStudioVersion = 17.7.34031.279
MinimumVisualStudioVersion = 10.0.40219.1
Project("{FAE04EC0-301F-11D3-BF4B-00C04F79EFBC}") = "DS-Uni-Class", "DS-Uni-Class\DS-Uni-Class.csproj", "{8E951975-F272-4BCC-8D12-6FF151B27895}"
EndProject
Global
	GlobalSection(SolutionConfigurationPlatforms) = preSolution
		Debug|Any CPU = Debug|Any CPU
		Release|Any CPU = Release|Any CPU
	EndGlobalSection
	GlobalSection(ProjectConfigurationPlatforms) = postSolution
		{8E951975-F272-4BCC-8D12-6FF151B27895}.Debug|Any CPU.ActiveCfg = Debug|Any CPU
		{8E951975-F272-4BCC-8D12-6FF151B27895}.Debug|Any CPU.Build.0 = Debug|Any CPU
		{8E951975-F272-4BCC-8D12-6FF151B27895}.Release|Any CPU.ActiveCfg = Release|Any CPU
		{8E951975-F272-4BCC-8D12-6FF151B27895}.Release|Any CPU.Build.0 = Release|Any CPU
	EndGlobalSection
	GlobalSection(SolutionProperties) = preSolution
		HideSolutionNode = FALSE
	EndGlobalSection
	GlobalSection(ExtensibilityGlobals) = postSolution
		SolutionGuid = {D9618F30-0FE0-4001-B31A-0DCAF0167DDF}
	EndGlobalSection
EndGlobal
